// !$*UTF8*$!
{
	archiveVersion = 1;
	classes = {
	};
	objectVersion = 46;
	objects = {

/* Begin PBXBuildFile section */
		3A6FE38E173E6D2B00F65E13 /* customCell.xib in Resources */ = {isa = PBXBuildFile; fileRef = 3A6FE38D173E6D2B00F65E13 /* customCell.xib */; };
		3A6FE391173E6DEF00F65E13 /* customCell.m in Sources */ = {isa = PBXBuildFile; fileRef = 3A6FE390173E6DEF00F65E13 /* customCell.m */; };
		3A8B926C17359982008D6C37 /* icon.png in Resources */ = {isa = PBXBuildFile; fileRef = 3A8B926A17359982008D6C37 /* icon.png */; };
		3A8B926D17359982008D6C37 /* icon@2x.png in Resources */ = {isa = PBXBuildFile; fileRef = 3A8B926B17359982008D6C37 /* icon@2x.png */; };
		3A8B92BE1735CCED008D6C37 /* clear-night.png in Resources */ = {isa = PBXBuildFile; fileRef = 3A8B92891735CBF9008D6C37 /* clear-night.png */; };
		3A8B92BF1735CCED008D6C37 /* clear-night@2x.png in Resources */ = {isa = PBXBuildFile; fileRef = 3A8B928A1735CBFA008D6C37 /* clear-night@2x.png */; };
		3A8B92C01735CCED008D6C37 /* clear.png in Resources */ = {isa = PBXBuildFile; fileRef = 3A8B928B1735CBFA008D6C37 /* clear.png */; };
		3A8B92C11735CCED008D6C37 /* clear@2x.png in Resources */ = {isa = PBXBuildFile; fileRef = 3A8B928C1735CBFB008D6C37 /* clear@2x.png */; };
		3A8B92C21735CCED008D6C37 /* cloudy.png in Resources */ = {isa = PBXBuildFile; fileRef = 3A8B928D1735CBFC008D6C37 /* cloudy.png */; };
		3A8B92C31735CCED008D6C37 /* cloudy@2x.png in Resources */ = {isa = PBXBuildFile; fileRef = 3A8B928E1735CBFC008D6C37 /* cloudy@2x.png */; };
		3A8B92C41735CCED008D6C37 /* fog.png in Resources */ = {isa = PBXBuildFile; fileRef = 3A8B928F1735CBFD008D6C37 /* fog.png */; };
		3A8B92C51735CCED008D6C37 /* fog@2x.png in Resources */ = {isa = PBXBuildFile; fileRef = 3A8B92901735CBFD008D6C37 /* fog@2x.png */; };
		3A8B92C61735CCED008D6C37 /* hail.png in Resources */ = {isa = PBXBuildFile; fileRef = 3A8B92911735CBFE008D6C37 /* hail.png */; };
		3A8B92C71735CCED008D6C37 /* hail@2x.png in Resources */ = {isa = PBXBuildFile; fileRef = 3A8B92921735CBFE008D6C37 /* hail@2x.png */; };
		3A8B92C81735CCED008D6C37 /* partly-cloudy-day.png in Resources */ = {isa = PBXBuildFile; fileRef = 3A8B92941735CBFF008D6C37 /* partly-cloudy-day.png */; };
		3A8B92C91735CCED008D6C37 /* partly-cloudy-day@2x.png in Resources */ = {isa = PBXBuildFile; fileRef = 3A8B92951735CC00008D6C37 /* partly-cloudy-day@2x.png */; };
		3A8B92CA1735CCED008D6C37 /* partly-cloudy-night.png in Resources */ = {isa = PBXBuildFile; fileRef = 3A8B92961735CC00008D6C37 /* partly-cloudy-night.png */; };
		3A8B92CB1735CCED008D6C37 /* partly-cloudy-night@2x.png in Resources */ = {isa = PBXBuildFile; fileRef = 3A8B92971735CC01008D6C37 /* partly-cloudy-night@2x.png */; };
		3A8B92CC1735CCED008D6C37 /* rain.png in Resources */ = {isa = PBXBuildFile; fileRef = 3A8B92981735CC01008D6C37 /* rain.png */; };
		3A8B92CD1735CCED008D6C37 /* rain@2x.png in Resources */ = {isa = PBXBuildFile; fileRef = 3A8B92991735CC02008D6C37 /* rain@2x.png */; };
		3A8B92CE1735CCED008D6C37 /* sleet.png in Resources */ = {isa = PBXBuildFile; fileRef = 3A8B929A1735CC02008D6C37 /* sleet.png */; };
		3A8B92CF1735CCED008D6C37 /* sleet@2x.png in Resources */ = {isa = PBXBuildFile; fileRef = 3A8B929B1735CC03008D6C37 /* sleet@2x.png */; };
		3A8B92D01735CCED008D6C37 /* snow.png in Resources */ = {isa = PBXBuildFile; fileRef = 3A8B929C1735CC03008D6C37 /* snow.png */; };
		3A8B92D11735CCED008D6C37 /* snow@2x.png in Resources */ = {isa = PBXBuildFile; fileRef = 3A8B929D1735CC04008D6C37 /* snow@2x.png */; };
		3A8B92D21735CCED008D6C37 /* storm.png in Resources */ = {isa = PBXBuildFile; fileRef = 3A8B929E1735CC04008D6C37 /* storm.png */; };
		3A8B92D31735CCED008D6C37 /* storm@2x.png in Resources */ = {isa = PBXBuildFile; fileRef = 3A8B929F1735CC07008D6C37 /* storm@2x.png */; };
		3A8B92D41735CCED008D6C37 /* tornado.png in Resources */ = {isa = PBXBuildFile; fileRef = 3A8B92A01735CC07008D6C37 /* tornado.png */; };
		3A8B92D51735CCED008D6C37 /* tornado@2x.png in Resources */ = {isa = PBXBuildFile; fileRef = 3A8B92A11735CC08008D6C37 /* tornado@2x.png */; };
		3A8B92D61735CCED008D6C37 /* wind.png in Resources */ = {isa = PBXBuildFile; fileRef = 3A8B92A21735CC08008D6C37 /* wind.png */; };
		3A8B92D71735CCED008D6C37 /* wind@2x.png in Resources */ = {isa = PBXBuildFile; fileRef = 3A8B92A31735CC09008D6C37 /* wind@2x.png */; };
		3A8D17D3170DFCB70042C50D /* UIKit.framework in Frameworks */ = {isa = PBXBuildFile; fileRef = 3A8D17D2170DFCB70042C50D /* UIKit.framework */; };
		3A8D17D5170DFCB70042C50D /* Foundation.framework in Frameworks */ = {isa = PBXBuildFile; fileRef = 3A8D17D4170DFCB70042C50D /* Foundation.framework */; };
		3A8D17D7170DFCB70042C50D /* CoreGraphics.framework in Frameworks */ = {isa = PBXBuildFile; fileRef = 3A8D17D6170DFCB70042C50D /* CoreGraphics.framework */; };
		3A8D17DD170DFCB70042C50D /* InfoPlist.strings in Resources */ = {isa = PBXBuildFile; fileRef = 3A8D17DB170DFCB70042C50D /* InfoPlist.strings */; };
		3A8D17DF170DFCB70042C50D /* main.m in Sources */ = {isa = PBXBuildFile; fileRef = 3A8D17DE170DFCB70042C50D /* main.m */; };
		3A8D17E3170DFCB70042C50D /* AppDelegate.m in Sources */ = {isa = PBXBuildFile; fileRef = 3A8D17E2170DFCB70042C50D /* AppDelegate.m */; };
		3A8D17EC170DFCB70042C50D /* MainStoryboard.storyboard in Resources */ = {isa = PBXBuildFile; fileRef = 3A8D17EA170DFCB70042C50D /* MainStoryboard.storyboard */; };
		3A8D17EF170DFCB70042C50D /* ViewController.m in Sources */ = {isa = PBXBuildFile; fileRef = 3A8D17EE170DFCB70042C50D /* ViewController.m */; };
		3A8D17FA170E046C0042C50D /* CoreLocation.framework in Frameworks */ = {isa = PBXBuildFile; fileRef = 3A8D17F9170E046C0042C50D /* CoreLocation.framework */; };
		3A8EF7BC1735860A009B6711 /* default.png in Resources */ = {isa = PBXBuildFile; fileRef = 3A8EF7BA1735860A009B6711 /* default.png */; };
		3A8EF7BD1735860A009B6711 /* default@2x.png in Resources */ = {isa = PBXBuildFile; fileRef = 3A8EF7BB1735860A009B6711 /* default@2x.png */; };
		3AB8B7DA173061E6008546DB /* QuartzCore.framework in Frameworks */ = {isa = PBXBuildFile; fileRef = 3AB8B7D9173061E6008546DB /* QuartzCore.framework */; };
		3AB8B7E21730F3FA008546DB /* InitialViewController.m in Sources */ = {isa = PBXBuildFile; fileRef = 3AB8B7E11730F3FA008546DB /* InitialViewController.m */; };
		3AB8B7E31730F6F1008546DB /* ECSlidingViewController.m in Sources */ = {isa = PBXBuildFile; fileRef = 3AB8B7DC1730629A008546DB /* ECSlidingViewController.m */; };
		3AB8B7E41730F6F6008546DB /* UIImage+ImageWithUIView.m in Sources */ = {isa = PBXBuildFile; fileRef = 3AB8B7DE1730629A008546DB /* UIImage+ImageWithUIView.m */; };
		3AB8B7E71730F9E1008546DB /* MenuViewController.m in Sources */ = {isa = PBXBuildFile; fileRef = 3AB8B7E61730F9E1008546DB /* MenuViewController.m */; };
		CE3B864A17358DEC005DDDC1 /* earth-around1.png in Resources */ = {isa = PBXBuildFile; fileRef = CE3B864617358DEC005DDDC1 /* earth-around1.png */; };
		CE3B864B17358DEC005DDDC1 /* earth-without1.png in Resources */ = {isa = PBXBuildFile; fileRef = CE3B864717358DEC005DDDC1 /* earth-without1.png */; };
		CE3B864C17358DEC005DDDC1 /* sun1.png in Resources */ = {isa = PBXBuildFile; fileRef = CE3B864817358DEC005DDDC1 /* sun1.png */; };
		CE3B865217359485005DDDC1 /* refreshHighlight.png in Resources */ = {isa = PBXBuildFile; fileRef = CE3B864E17359484005DDDC1 /* refreshHighlight.png */; };
		CE3B865317359485005DDDC1 /* locationsH.png in Resources */ = {isa = PBXBuildFile; fileRef = CE3B864F17359484005DDDC1 /* locationsH.png */; };
		CE3B865417359485005DDDC1 /* locationsH@2x.png in Resources */ = {isa = PBXBuildFile; fileRef = CE3B865017359484005DDDC1 /* locationsH@2x.png */; };
		CE3B865517359485005DDDC1 /* refreshHighlight@2x.png in Resources */ = {isa = PBXBuildFile; fileRef = CE3B865117359484005DDDC1 /* refreshHighlight@2x.png */; };
		CE3B865817359518005DDDC1 /* infoBG.png in Resources */ = {isa = PBXBuildFile; fileRef = CE3B865617359517005DDDC1 /* infoBG.png */; };
		CE3B865917359518005DDDC1 /* infoBG@2x.png in Resources */ = {isa = PBXBuildFile; fileRef = CE3B865717359518005DDDC1 /* infoBG@2x.png */; };
		CE517D9B17342F3F0055C7C7 /* activeDay@2x.png in Resources */ = {isa = PBXBuildFile; fileRef = CE517D9917342F3F0055C7C7 /* activeDay@2x.png */; };
		CE517D9D17342FCF0055C7C7 /* activeDay.png in Resources */ = {isa = PBXBuildFile; fileRef = CE517D9C17342FCF0055C7C7 /* activeDay.png */; };
		CE96B6A7173558960094EA0D /* unitSwitchNormal.png in Resources */ = {isa = PBXBuildFile; fileRef = CE96B6A5173558960094EA0D /* unitSwitchNormal.png */; };
		CE96B6A8173558960094EA0D /* unitSwitchSelected.png in Resources */ = {isa = PBXBuildFile; fileRef = CE96B6A6173558960094EA0D /* unitSwitchSelected.png */; };
		CE96B6AB17355A5C0094EA0D /* unitSwitchLeft.png in Resources */ = {isa = PBXBuildFile; fileRef = CE96B6A917355A5C0094EA0D /* unitSwitchLeft.png */; };
		CE96B6AC17355A5C0094EA0D /* unitSwitchRight.png in Resources */ = {isa = PBXBuildFile; fileRef = CE96B6AA17355A5C0094EA0D /* unitSwitchRight.png */; };
		CE96B6B117355FDA0094EA0D /* unitSwitchLeft@2x.png in Resources */ = {isa = PBXBuildFile; fileRef = CE96B6AD17355FDA0094EA0D /* unitSwitchLeft@2x.png */; };
		CE96B6B217355FDA0094EA0D /* unitSwitchNormal@2x.png in Resources */ = {isa = PBXBuildFile; fileRef = CE96B6AE17355FDA0094EA0D /* unitSwitchNormal@2x.png */; };
		CE96B6B317355FDA0094EA0D /* unitSwitchRight@2x.png in Resources */ = {isa = PBXBuildFile; fileRef = CE96B6AF17355FDA0094EA0D /* unitSwitchRight@2x.png */; };
		CE96B6B417355FDA0094EA0D /* unitSwitchSelected@2x.png in Resources */ = {isa = PBXBuildFile; fileRef = CE96B6B017355FDA0094EA0D /* unitSwitchSelected@2x.png */; };
		CE96B6B71735602D0094EA0D /* addLocation.png in Resources */ = {isa = PBXBuildFile; fileRef = CE96B6B51735602D0094EA0D /* addLocation.png */; };
		CE96B6B81735602D0094EA0D /* addLocation@2x.png in Resources */ = {isa = PBXBuildFile; fileRef = CE96B6B61735602D0094EA0D /* addLocation@2x.png */; };
		CEB4712C1734215A002C1BEB /* locations.png in Resources */ = {isa = PBXBuildFile; fileRef = CEB471281734215A002C1BEB /* locations.png */; };
		CEB4712D1734215A002C1BEB /* locations@2x.png in Resources */ = {isa = PBXBuildFile; fileRef = CEB471291734215A002C1BEB /* locations@2x.png */; };
		CEB4712E1734215A002C1BEB /* refresh.png in Resources */ = {isa = PBXBuildFile; fileRef = CEB4712A1734215A002C1BEB /* refresh.png */; };
		CEB4712F1734215A002C1BEB /* refresh@2x.png in Resources */ = {isa = PBXBuildFile; fileRef = CEB4712B1734215A002C1BEB /* refresh@2x.png */; };
		CEC0138B17384882001ECA10 /* moon.png in Resources */ = {isa = PBXBuildFile; fileRef = CEC0138A17384882001ECA10 /* moon.png */; };
/* End PBXBuildFile section */

/* Begin PBXFileReference section */
		3A6FE38D173E6D2B00F65E13 /* customCell.xib */ = {isa = PBXFileReference; fileEncoding = 4; lastKnownFileType = file.xib; path = customCell.xib; sourceTree = "<group>"; };
		3A6FE38F173E6DEF00F65E13 /* customCell.h */ = {isa = PBXFileReference; fileEncoding = 4; lastKnownFileType = sourcecode.c.h; path = customCell.h; sourceTree = "<group>"; };
		3A6FE390173E6DEF00F65E13 /* customCell.m */ = {isa = PBXFileReference; fileEncoding = 4; lastKnownFileType = sourcecode.c.objc; path = customCell.m; sourceTree = "<group>"; };
		3A8B926A17359982008D6C37 /* icon.png */ = {isa = PBXFileReference; lastKnownFileType = image.png; path = icon.png; sourceTree = "<group>"; };
		3A8B926B17359982008D6C37 /* icon@2x.png */ = {isa = PBXFileReference; lastKnownFileType = image.png; path = "icon@2x.png"; sourceTree = "<group>"; };
		3A8B92891735CBF9008D6C37 /* clear-night.png */ = {isa = PBXFileReference; lastKnownFileType = image.png; path = "clear-night.png"; sourceTree = "<group>"; };
		3A8B928A1735CBFA008D6C37 /* clear-night@2x.png */ = {isa = PBXFileReference; lastKnownFileType = image.png; path = "clear-night@2x.png"; sourceTree = "<group>"; };
		3A8B928B1735CBFA008D6C37 /* clear.png */ = {isa = PBXFileReference; lastKnownFileType = image.png; path = clear.png; sourceTree = "<group>"; };
		3A8B928C1735CBFB008D6C37 /* clear@2x.png */ = {isa = PBXFileReference; lastKnownFileType = image.png; path = "clear@2x.png"; sourceTree = "<group>"; };
		3A8B928D1735CBFC008D6C37 /* cloudy.png */ = {isa = PBXFileReference; lastKnownFileType = image.png; path = cloudy.png; sourceTree = "<group>"; };
		3A8B928E1735CBFC008D6C37 /* cloudy@2x.png */ = {isa = PBXFileReference; lastKnownFileType = image.png; path = "cloudy@2x.png"; sourceTree = "<group>"; };
		3A8B928F1735CBFD008D6C37 /* fog.png */ = {isa = PBXFileReference; lastKnownFileType = image.png; path = fog.png; sourceTree = "<group>"; };
		3A8B92901735CBFD008D6C37 /* fog@2x.png */ = {isa = PBXFileReference; lastKnownFileType = image.png; path = "fog@2x.png"; sourceTree = "<group>"; };
		3A8B92911735CBFE008D6C37 /* hail.png */ = {isa = PBXFileReference; lastKnownFileType = image.png; path = hail.png; sourceTree = "<group>"; };
		3A8B92921735CBFE008D6C37 /* hail@2x.png */ = {isa = PBXFileReference; lastKnownFileType = image.png; path = "hail@2x.png"; sourceTree = "<group>"; };
		3A8B92941735CBFF008D6C37 /* partly-cloudy-day.png */ = {isa = PBXFileReference; lastKnownFileType = image.png; path = "partly-cloudy-day.png"; sourceTree = "<group>"; };
		3A8B92951735CC00008D6C37 /* partly-cloudy-day@2x.png */ = {isa = PBXFileReference; lastKnownFileType = image.png; path = "partly-cloudy-day@2x.png"; sourceTree = "<group>"; };
		3A8B92961735CC00008D6C37 /* partly-cloudy-night.png */ = {isa = PBXFileReference; lastKnownFileType = image.png; path = "partly-cloudy-night.png"; sourceTree = "<group>"; };
		3A8B92971735CC01008D6C37 /* partly-cloudy-night@2x.png */ = {isa = PBXFileReference; lastKnownFileType = image.png; path = "partly-cloudy-night@2x.png"; sourceTree = "<group>"; };
		3A8B92981735CC01008D6C37 /* rain.png */ = {isa = PBXFileReference; lastKnownFileType = image.png; path = rain.png; sourceTree = "<group>"; };
		3A8B92991735CC02008D6C37 /* rain@2x.png */ = {isa = PBXFileReference; lastKnownFileType = image.png; path = "rain@2x.png"; sourceTree = "<group>"; };
		3A8B929A1735CC02008D6C37 /* sleet.png */ = {isa = PBXFileReference; lastKnownFileType = image.png; path = sleet.png; sourceTree = "<group>"; };
		3A8B929B1735CC03008D6C37 /* sleet@2x.png */ = {isa = PBXFileReference; lastKnownFileType = image.png; path = "sleet@2x.png"; sourceTree = "<group>"; };
		3A8B929C1735CC03008D6C37 /* snow.png */ = {isa = PBXFileReference; lastKnownFileType = image.png; path = snow.png; sourceTree = "<group>"; };
		3A8B929D1735CC04008D6C37 /* snow@2x.png */ = {isa = PBXFileReference; lastKnownFileType = image.png; path = "snow@2x.png"; sourceTree = "<group>"; };
		3A8B929E1735CC04008D6C37 /* storm.png */ = {isa = PBXFileReference; lastKnownFileType = image.png; path = storm.png; sourceTree = "<group>"; };
		3A8B929F1735CC07008D6C37 /* storm@2x.png */ = {isa = PBXFileReference; lastKnownFileType = image.png; path = "storm@2x.png"; sourceTree = "<group>"; };
		3A8B92A01735CC07008D6C37 /* tornado.png */ = {isa = PBXFileReference; lastKnownFileType = image.png; path = tornado.png; sourceTree = "<group>"; };
		3A8B92A11735CC08008D6C37 /* tornado@2x.png */ = {isa = PBXFileReference; lastKnownFileType = image.png; path = "tornado@2x.png"; sourceTree = "<group>"; };
		3A8B92A21735CC08008D6C37 /* wind.png */ = {isa = PBXFileReference; lastKnownFileType = image.png; path = wind.png; sourceTree = "<group>"; };
		3A8B92A31735CC09008D6C37 /* wind@2x.png */ = {isa = PBXFileReference; lastKnownFileType = image.png; path = "wind@2x.png"; sourceTree = "<group>"; };
		3A8D17CF170DFCB70042C50D /* weather.app */ = {isa = PBXFileReference; explicitFileType = wrapper.application; includeInIndex = 0; path = weather.app; sourceTree = BUILT_PRODUCTS_DIR; };
		3A8D17D2170DFCB70042C50D /* UIKit.framework */ = {isa = PBXFileReference; lastKnownFileType = wrapper.framework; name = UIKit.framework; path = System/Library/Frameworks/UIKit.framework; sourceTree = SDKROOT; };
		3A8D17D4170DFCB70042C50D /* Foundation.framework */ = {isa = PBXFileReference; lastKnownFileType = wrapper.framework; name = Foundation.framework; path = System/Library/Frameworks/Foundation.framework; sourceTree = SDKROOT; };
		3A8D17D6170DFCB70042C50D /* CoreGraphics.framework */ = {isa = PBXFileReference; lastKnownFileType = wrapper.framework; name = CoreGraphics.framework; path = System/Library/Frameworks/CoreGraphics.framework; sourceTree = SDKROOT; };
		3A8D17DA170DFCB70042C50D /* weather-Info.plist */ = {isa = PBXFileReference; lastKnownFileType = text.plist.xml; path = "weather-Info.plist"; sourceTree = "<group>"; };
		3A8D17DC170DFCB70042C50D /* en */ = {isa = PBXFileReference; lastKnownFileType = text.plist.strings; name = en; path = en.lproj/InfoPlist.strings; sourceTree = "<group>"; };
		3A8D17DE170DFCB70042C50D /* main.m */ = {isa = PBXFileReference; lastKnownFileType = sourcecode.c.objc; path = main.m; sourceTree = "<group>"; };
		3A8D17E0170DFCB70042C50D /* weather-Prefix.pch */ = {isa = PBXFileReference; lastKnownFileType = sourcecode.c.h; path = "weather-Prefix.pch"; sourceTree = "<group>"; };
		3A8D17E1170DFCB70042C50D /* AppDelegate.h */ = {isa = PBXFileReference; lastKnownFileType = sourcecode.c.h; path = AppDelegate.h; sourceTree = "<group>"; };
		3A8D17E2170DFCB70042C50D /* AppDelegate.m */ = {isa = PBXFileReference; lastKnownFileType = sourcecode.c.objc; path = AppDelegate.m; sourceTree = "<group>"; };
		3A8D17EB170DFCB70042C50D /* en */ = {isa = PBXFileReference; lastKnownFileType = file.storyboard; name = en; path = en.lproj/MainStoryboard.storyboard; sourceTree = "<group>"; };
		3A8D17ED170DFCB70042C50D /* ViewController.h */ = {isa = PBXFileReference; lastKnownFileType = sourcecode.c.h; path = ViewController.h; sourceTree = "<group>"; };
		3A8D17EE170DFCB70042C50D /* ViewController.m */ = {isa = PBXFileReference; lastKnownFileType = sourcecode.c.objc; path = ViewController.m; sourceTree = "<group>"; };
		3A8D17F9170E046C0042C50D /* CoreLocation.framework */ = {isa = PBXFileReference; lastKnownFileType = wrapper.framework; name = CoreLocation.framework; path = System/Library/Frameworks/CoreLocation.framework; sourceTree = SDKROOT; };
		3A8EF7BA1735860A009B6711 /* default.png */ = {isa = PBXFileReference; lastKnownFileType = image.png; path = default.png; sourceTree = "<group>"; };
		3A8EF7BB1735860A009B6711 /* default@2x.png */ = {isa = PBXFileReference; lastKnownFileType = image.png; path = "default@2x.png"; sourceTree = "<group>"; };
		3AB8B7D9173061E6008546DB /* QuartzCore.framework */ = {isa = PBXFileReference; lastKnownFileType = wrapper.framework; name = QuartzCore.framework; path = System/Library/Frameworks/QuartzCore.framework; sourceTree = SDKROOT; };
		3AB8B7DB1730629A008546DB /* ECSlidingViewController.h */ = {isa = PBXFileReference; lastKnownFileType = sourcecode.c.h; path = ECSlidingViewController.h; sourceTree = "<group>"; };
		3AB8B7DC1730629A008546DB /* ECSlidingViewController.m */ = {isa = PBXFileReference; lastKnownFileType = sourcecode.c.objc; path = ECSlidingViewController.m; sourceTree = "<group>"; };
		3AB8B7DD1730629A008546DB /* UIImage+ImageWithUIView.h */ = {isa = PBXFileReference; lastKnownFileType = sourcecode.c.h; path = "UIImage+ImageWithUIView.h"; sourceTree = "<group>"; };
		3AB8B7DE1730629A008546DB /* UIImage+ImageWithUIView.m */ = {isa = PBXFileReference; lastKnownFileType = sourcecode.c.objc; path = "UIImage+ImageWithUIView.m"; sourceTree = "<group>"; };
		3AB8B7E01730F3FA008546DB /* InitialViewController.h */ = {isa = PBXFileReference; fileEncoding = 4; lastKnownFileType = sourcecode.c.h; path = InitialViewController.h; sourceTree = "<group>"; };
		3AB8B7E11730F3FA008546DB /* InitialViewController.m */ = {isa = PBXFileReference; fileEncoding = 4; lastKnownFileType = sourcecode.c.objc; path = InitialViewController.m; sourceTree = "<group>"; };
		3AB8B7E51730F9E1008546DB /* MenuViewController.h */ = {isa = PBXFileReference; fileEncoding = 4; lastKnownFileType = sourcecode.c.h; path = MenuViewController.h; sourceTree = "<group>"; };
		3AB8B7E61730F9E1008546DB /* MenuViewController.m */ = {isa = PBXFileReference; fileEncoding = 4; lastKnownFileType = sourcecode.c.objc; path = MenuViewController.m; sourceTree = "<group>"; };
		CE3B864617358DEC005DDDC1 /* earth-around1.png */ = {isa = PBXFileReference; lastKnownFileType = image.png; path = "earth-around1.png"; sourceTree = "<group>"; };
		CE3B864717358DEC005DDDC1 /* earth-without1.png */ = {isa = PBXFileReference; lastKnownFileType = image.png; path = "earth-without1.png"; sourceTree = "<group>"; };
		CE3B864817358DEC005DDDC1 /* sun1.png */ = {isa = PBXFileReference; lastKnownFileType = image.png; path = sun1.png; sourceTree = "<group>"; };
		CE3B864E17359484005DDDC1 /* refreshHighlight.png */ = {isa = PBXFileReference; lastKnownFileType = image.png; path = refreshHighlight.png; sourceTree = "<group>"; };
		CE3B864F17359484005DDDC1 /* locationsH.png */ = {isa = PBXFileReference; lastKnownFileType = image.png; path = locationsH.png; sourceTree = "<group>"; };
		CE3B865017359484005DDDC1 /* locationsH@2x.png */ = {isa = PBXFileReference; lastKnownFileType = image.png; path = "locationsH@2x.png"; sourceTree = "<group>"; };
		CE3B865117359484005DDDC1 /* refreshHighlight@2x.png */ = {isa = PBXFileReference; lastKnownFileType = image.png; path = "refreshHighlight@2x.png"; sourceTree = "<group>"; };
		CE3B865617359517005DDDC1 /* infoBG.png */ = {isa = PBXFileReference; lastKnownFileType = image.png; path = infoBG.png; sourceTree = "<group>"; };
		CE3B865717359518005DDDC1 /* infoBG@2x.png */ = {isa = PBXFileReference; lastKnownFileType = image.png; path = "infoBG@2x.png"; sourceTree = "<group>"; };
		CE517D9917342F3F0055C7C7 /* activeDay@2x.png */ = {isa = PBXFileReference; lastKnownFileType = image.png; path = "activeDay@2x.png"; sourceTree = "<group>"; };
		CE517D9C17342FCF0055C7C7 /* activeDay.png */ = {isa = PBXFileReference; lastKnownFileType = image.png; path = activeDay.png; sourceTree = "<group>"; };
		CE96B6A5173558960094EA0D /* unitSwitchNormal.png */ = {isa = PBXFileReference; lastKnownFileType = image.png; path = unitSwitchNormal.png; sourceTree = "<group>"; };
		CE96B6A6173558960094EA0D /* unitSwitchSelected.png */ = {isa = PBXFileReference; lastKnownFileType = image.png; path = unitSwitchSelected.png; sourceTree = "<group>"; };
		CE96B6A917355A5C0094EA0D /* unitSwitchLeft.png */ = {isa = PBXFileReference; lastKnownFileType = image.png; path = unitSwitchLeft.png; sourceTree = "<group>"; };
		CE96B6AA17355A5C0094EA0D /* unitSwitchRight.png */ = {isa = PBXFileReference; lastKnownFileType = image.png; path = unitSwitchRight.png; sourceTree = "<group>"; };
		CE96B6AD17355FDA0094EA0D /* unitSwitchLeft@2x.png */ = {isa = PBXFileReference; lastKnownFileType = image.png; path = "unitSwitchLeft@2x.png"; sourceTree = "<group>"; };
		CE96B6AE17355FDA0094EA0D /* unitSwitchNormal@2x.png */ = {isa = PBXFileReference; lastKnownFileType = image.png; path = "unitSwitchNormal@2x.png"; sourceTree = "<group>"; };
		CE96B6AF17355FDA0094EA0D /* unitSwitchRight@2x.png */ = {isa = PBXFileReference; lastKnownFileType = image.png; path = "unitSwitchRight@2x.png"; sourceTree = "<group>"; };
		CE96B6B017355FDA0094EA0D /* unitSwitchSelected@2x.png */ = {isa = PBXFileReference; lastKnownFileType = image.png; path = "unitSwitchSelected@2x.png"; sourceTree = "<group>"; };
		CE96B6B51735602D0094EA0D /* addLocation.png */ = {isa = PBXFileReference; lastKnownFileType = image.png; path = addLocation.png; sourceTree = "<group>"; };
		CE96B6B61735602D0094EA0D /* addLocation@2x.png */ = {isa = PBXFileReference; lastKnownFileType = image.png; path = "addLocation@2x.png"; sourceTree = "<group>"; };
		CEB471281734215A002C1BEB /* locations.png */ = {isa = PBXFileReference; lastKnownFileType = image.png; path = locations.png; sourceTree = "<group>"; };
		CEB471291734215A002C1BEB /* locations@2x.png */ = {isa = PBXFileReference; lastKnownFileType = image.png; path = "locations@2x.png"; sourceTree = "<group>"; };
		CEB4712A1734215A002C1BEB /* refresh.png */ = {isa = PBXFileReference; lastKnownFileType = image.png; path = refresh.png; sourceTree = "<group>"; };
		CEB4712B1734215A002C1BEB /* refresh@2x.png */ = {isa = PBXFileReference; lastKnownFileType = image.png; path = "refresh@2x.png"; sourceTree = "<group>"; };
		CEC0138A17384882001ECA10 /* moon.png */ = {isa = PBXFileReference; lastKnownFileType = image.png; path = moon.png; sourceTree = "<group>"; };
/* End PBXFileReference section */

/* Begin PBXFrameworksBuildPhase section */
		3A8D17CC170DFCB70042C50D /* Frameworks */ = {
			isa = PBXFrameworksBuildPhase;
			buildActionMask = 2147483647;
			files = (
				3AB8B7DA173061E6008546DB /* QuartzCore.framework in Frameworks */,
				3A8D17FA170E046C0042C50D /* CoreLocation.framework in Frameworks */,
				3A8D17D3170DFCB70042C50D /* UIKit.framework in Frameworks */,
				3A8D17D5170DFCB70042C50D /* Foundation.framework in Frameworks */,
				3A8D17D7170DFCB70042C50D /* CoreGraphics.framework in Frameworks */,
			);
			runOnlyForDeploymentPostprocessing = 0;
		};
/* End PBXFrameworksBuildPhase section */

/* Begin PBXGroup section */
		3A7D8294172DBE7200CA0651 /* cell */ = {
			isa = PBXGroup;
			children = (
				3A6FE38D173E6D2B00F65E13 /* customCell.xib */,
				3A6FE38F173E6DEF00F65E13 /* customCell.h */,
				3A6FE390173E6DEF00F65E13 /* customCell.m */,
			);
			name = cell;
			sourceTree = "<group>";
		};
		3A7D8296172DBE8900CA0651 /* classes */ = {
			isa = PBXGroup;
			children = (
				3AB8B7E01730F3FA008546DB /* InitialViewController.h */,
				3AB8B7E11730F3FA008546DB /* InitialViewController.m */,
				3A8D17ED170DFCB70042C50D /* ViewController.h */,
				3A8D17EE170DFCB70042C50D /* ViewController.m */,
				3AB8B7E51730F9E1008546DB /* MenuViewController.h */,
				3AB8B7E61730F9E1008546DB /* MenuViewController.m */,
			);
			name = classes;
			sourceTree = "<group>";
		};
		3A8D17C6170DFCB60042C50D = {
			isa = PBXGroup;
			children = (
				3A8D17D8170DFCB70042C50D /* weather */,
				3A8D17D1170DFCB70042C50D /* Frameworks */,
				3A8D17D0170DFCB70042C50D /* Products */,
			);
			sourceTree = "<group>";
		};
		3A8D17D0170DFCB70042C50D /* Products */ = {
			isa = PBXGroup;
			children = (
				3A8D17CF170DFCB70042C50D /* weather.app */,
			);
			name = Products;
			sourceTree = "<group>";
		};
		3A8D17D1170DFCB70042C50D /* Frameworks */ = {
			isa = PBXGroup;
			children = (
				3AB8B7D9173061E6008546DB /* QuartzCore.framework */,
				3A8D17F9170E046C0042C50D /* CoreLocation.framework */,
				3A8D17D2170DFCB70042C50D /* UIKit.framework */,
				3A8D17D4170DFCB70042C50D /* Foundation.framework */,
				3A8D17D6170DFCB70042C50D /* CoreGraphics.framework */,
			);
			name = Frameworks;
			sourceTree = "<group>";
		};
		3A8D17D8170DFCB70042C50D /* weather */ = {
			isa = PBXGroup;
			children = (
				3A8D17E1170DFCB70042C50D /* AppDelegate.h */,
				3A8D17E2170DFCB70042C50D /* AppDelegate.m */,
				3A8D17EA170DFCB70042C50D /* MainStoryboard.storyboard */,
				3AB8B7DF1730629E008546DB /* slide menu */,
				3A7D8296172DBE8900CA0651 /* classes */,
				3A7D8294172DBE7200CA0651 /* cell */,
				3A8D17D9170DFCB70042C50D /* Supporting Files */,
			);
			path = weather;
			sourceTree = "<group>";
		};
		3A8D17D9170DFCB70042C50D /* Supporting Files */ = {
			isa = PBXGroup;
			children = (
				3A8B92891735CBF9008D6C37 /* clear-night.png */,
				3A8B928A1735CBFA008D6C37 /* clear-night@2x.png */,
				3A8B928B1735CBFA008D6C37 /* clear.png */,
				3A8B928C1735CBFB008D6C37 /* clear@2x.png */,
				3A8B928D1735CBFC008D6C37 /* cloudy.png */,
				3A8B928E1735CBFC008D6C37 /* cloudy@2x.png */,
				3A8B928F1735CBFD008D6C37 /* fog.png */,
				3A8B92901735CBFD008D6C37 /* fog@2x.png */,
				3A8B92911735CBFE008D6C37 /* hail.png */,
				3A8B92921735CBFE008D6C37 /* hail@2x.png */,
				3A8B92941735CBFF008D6C37 /* partly-cloudy-day.png */,
				3A8B92951735CC00008D6C37 /* partly-cloudy-day@2x.png */,
				3A8B92961735CC00008D6C37 /* partly-cloudy-night.png */,
				3A8B92971735CC01008D6C37 /* partly-cloudy-night@2x.png */,
				3A8B92981735CC01008D6C37 /* rain.png */,
				3A8B92991735CC02008D6C37 /* rain@2x.png */,
				3A8B929A1735CC02008D6C37 /* sleet.png */,
				3A8B929B1735CC03008D6C37 /* sleet@2x.png */,
				3A8B929C1735CC03008D6C37 /* snow.png */,
				3A8B929D1735CC04008D6C37 /* snow@2x.png */,
				3A8B929E1735CC04008D6C37 /* storm.png */,
				3A8B929F1735CC07008D6C37 /* storm@2x.png */,
				3A8B92A01735CC07008D6C37 /* tornado.png */,
				3A8B92A11735CC08008D6C37 /* tornado@2x.png */,
				3A8B92A21735CC08008D6C37 /* wind.png */,
				CEC0138A17384882001ECA10 /* moon.png */,
				3A8B92A31735CC09008D6C37 /* wind@2x.png */,
				3A8B926A17359982008D6C37 /* icon.png */,
				3A8B926B17359982008D6C37 /* icon@2x.png */,
				CE3B864617358DEC005DDDC1 /* earth-around1.png */,
				CE3B864717358DEC005DDDC1 /* earth-without1.png */,
				CE3B864817358DEC005DDDC1 /* sun1.png */,
				3A8EF7BA1735860A009B6711 /* default.png */,
				3A8EF7BB1735860A009B6711 /* default@2x.png */,
				CE3B864E17359484005DDDC1 /* refreshHighlight.png */,
				CE3B864F17359484005DDDC1 /* locationsH.png */,
				CE3B865017359484005DDDC1 /* locationsH@2x.png */,
				CE3B865117359484005DDDC1 /* refreshHighlight@2x.png */,
				CE3B865617359517005DDDC1 /* infoBG.png */,
				CE3B865717359518005DDDC1 /* infoBG@2x.png */,
				CE517D9917342F3F0055C7C7 /* activeDay@2x.png */,
				CE96B6AD17355FDA0094EA0D /* unitSwitchLeft@2x.png */,
				CE96B6AE17355FDA0094EA0D /* unitSwitchNormal@2x.png */,
				CE96B6AF17355FDA0094EA0D /* unitSwitchRight@2x.png */,
				CE96B6B017355FDA0094EA0D /* unitSwitchSelected@2x.png */,
				CE96B6A5173558960094EA0D /* unitSwitchNormal.png */,
				CE96B6A917355A5C0094EA0D /* unitSwitchLeft.png */,
				CE96B6AA17355A5C0094EA0D /* unitSwitchRight.png */,
				CE96B6A6173558960094EA0D /* unitSwitchSelected.png */,
				CEB471281734215A002C1BEB /* locations.png */,
				CE517D9C17342FCF0055C7C7 /* activeDay.png */,
				CEB471291734215A002C1BEB /* locations@2x.png */,
				CEB4712A1734215A002C1BEB /* refresh.png */,
				CE96B6B51735602D0094EA0D /* addLocation.png */,
				CE96B6B61735602D0094EA0D /* addLocation@2x.png */,
				CEB4712B1734215A002C1BEB /* refresh@2x.png */,
				3A8D17DA170DFCB70042C50D /* weather-Info.plist */,
				3A8D17DB170DFCB70042C50D /* InfoPlist.strings */,
				3A8D17DE170DFCB70042C50D /* main.m */,
				3A8D17E0170DFCB70042C50D /* weather-Prefix.pch */,
			);
			name = "Supporting Files";
			sourceTree = "<group>";
		};
		3AB8B7DF1730629E008546DB /* slide menu */ = {
			isa = PBXGroup;
			children = (
				3AB8B7DB1730629A008546DB /* ECSlidingViewController.h */,
				3AB8B7DC1730629A008546DB /* ECSlidingViewController.m */,
				3AB8B7DD1730629A008546DB /* UIImage+ImageWithUIView.h */,
				3AB8B7DE1730629A008546DB /* UIImage+ImageWithUIView.m */,
			);
			name = "slide menu";
			sourceTree = "<group>";
		};
/* End PBXGroup section */

/* Begin PBXNativeTarget section */
		3A8D17CE170DFCB70042C50D /* weather */ = {
			isa = PBXNativeTarget;
			buildConfigurationList = 3A8D17F2170DFCB70042C50D /* Build configuration list for PBXNativeTarget "weather" */;
			buildPhases = (
				3A8D17CB170DFCB70042C50D /* Sources */,
				3A8D17CC170DFCB70042C50D /* Frameworks */,
				3A8D17CD170DFCB70042C50D /* Resources */,
			);
			buildRules = (
			);
			dependencies = (
			);
			name = weather;
			productName = weather;
			productReference = 3A8D17CF170DFCB70042C50D /* weather.app */;
			productType = "com.apple.product-type.application";
		};
/* End PBXNativeTarget section */

/* Begin PBXProject section */
		3A8D17C7170DFCB60042C50D /* Project object */ = {
			isa = PBXProject;
			attributes = {
				LastUpgradeCheck = 0460;
				ORGANIZATIONNAME = "Adam Hayek";
			};
			buildConfigurationList = 3A8D17CA170DFCB60042C50D /* Build configuration list for PBXProject "weather" */;
			compatibilityVersion = "Xcode 3.2";
			developmentRegion = English;
			hasScannedForEncodings = 0;
			knownRegions = (
				en,
			);
			mainGroup = 3A8D17C6170DFCB60042C50D;
			productRefGroup = 3A8D17D0170DFCB70042C50D /* Products */;
			projectDirPath = "";
			projectRoot = "";
			targets = (
				3A8D17CE170DFCB70042C50D /* weather */,
			);
		};
/* End PBXProject section */

/* Begin PBXResourcesBuildPhase section */
		3A8D17CD170DFCB70042C50D /* Resources */ = {
			isa = PBXResourcesBuildPhase;
			buildActionMask = 2147483647;
			files = (
				3A8D17DD170DFCB70042C50D /* InfoPlist.strings in Resources */,
				3A8D17EC170DFCB70042C50D /* MainStoryboard.storyboard in Resources */,
				CEB4712C1734215A002C1BEB /* locations.png in Resources */,
				CEB4712D1734215A002C1BEB /* locations@2x.png in Resources */,
				CEB4712E1734215A002C1BEB /* refresh.png in Resources */,
				CEB4712F1734215A002C1BEB /* refresh@2x.png in Resources */,
				CE517D9B17342F3F0055C7C7 /* activeDay@2x.png in Resources */,
				CE517D9D17342FCF0055C7C7 /* activeDay.png in Resources */,
				CE96B6A7173558960094EA0D /* unitSwitchNormal.png in Resources */,
				CE96B6A8173558960094EA0D /* unitSwitchSelected.png in Resources */,
				CE96B6AB17355A5C0094EA0D /* unitSwitchLeft.png in Resources */,
				CE96B6AC17355A5C0094EA0D /* unitSwitchRight.png in Resources */,
				CE96B6B117355FDA0094EA0D /* unitSwitchLeft@2x.png in Resources */,
				CE96B6B217355FDA0094EA0D /* unitSwitchNormal@2x.png in Resources */,
				CE96B6B317355FDA0094EA0D /* unitSwitchRight@2x.png in Resources */,
				CE96B6B417355FDA0094EA0D /* unitSwitchSelected@2x.png in Resources */,
				CE96B6B71735602D0094EA0D /* addLocation.png in Resources */,
				CE96B6B81735602D0094EA0D /* addLocation@2x.png in Resources */,
				3A8EF7BC1735860A009B6711 /* default.png in Resources */,
				3A8EF7BD1735860A009B6711 /* default@2x.png in Resources */,
				CE3B864A17358DEC005DDDC1 /* earth-around1.png in Resources */,
				CE3B864B17358DEC005DDDC1 /* earth-without1.png in Resources */,
				CE3B864C17358DEC005DDDC1 /* sun1.png in Resources */,
				CE3B865217359485005DDDC1 /* refreshHighlight.png in Resources */,
				CE3B865317359485005DDDC1 /* locationsH.png in Resources */,
				CE3B865417359485005DDDC1 /* locationsH@2x.png in Resources */,
				CE3B865517359485005DDDC1 /* refreshHighlight@2x.png in Resources */,
				CE3B865817359518005DDDC1 /* infoBG.png in Resources */,
				CE3B865917359518005DDDC1 /* infoBG@2x.png in Resources */,
				3A8B926C17359982008D6C37 /* icon.png in Resources */,
				3A8B926D17359982008D6C37 /* icon@2x.png in Resources */,
				3A8B92BE1735CCED008D6C37 /* clear-night.png in Resources */,
				3A8B92BF1735CCED008D6C37 /* clear-night@2x.png in Resources */,
				3A8B92C01735CCED008D6C37 /* clear.png in Resources */,
				3A8B92C11735CCED008D6C37 /* clear@2x.png in Resources */,
				3A8B92C21735CCED008D6C37 /* cloudy.png in Resources */,
				3A8B92C31735CCED008D6C37 /* cloudy@2x.png in Resources */,
				3A8B92C41735CCED008D6C37 /* fog.png in Resources */,
				3A8B92C51735CCED008D6C37 /* fog@2x.png in Resources */,
				3A8B92C61735CCED008D6C37 /* hail.png in Resources */,
				3A8B92C71735CCED008D6C37 /* hail@2x.png in Resources */,
				3A8B92C81735CCED008D6C37 /* partly-cloudy-day.png in Resources */,
				3A8B92C91735CCED008D6C37 /* partly-cloudy-day@2x.png in Resources */,
				3A8B92CA1735CCED008D6C37 /* partly-cloudy-night.png in Resources */,
				3A8B92CB1735CCED008D6C37 /* partly-cloudy-night@2x.png in Resources */,
				3A8B92CC1735CCED008D6C37 /* rain.png in Resources */,
				3A8B92CD1735CCED008D6C37 /* rain@2x.png in Resources */,
				3A8B92CE1735CCED008D6C37 /* sleet.png in Resources */,
				3A8B92CF1735CCED008D6C37 /* sleet@2x.png in Resources */,
				3A8B92D01735CCED008D6C37 /* snow.png in Resources */,
				3A8B92D11735CCED008D6C37 /* snow@2x.png in Resources */,
				3A8B92D21735CCED008D6C37 /* storm.png in Resources */,
				3A8B92D31735CCED008D6C37 /* storm@2x.png in Resources */,
				3A8B92D41735CCED008D6C37 /* tornado.png in Resources */,
				3A8B92D51735CCED008D6C37 /* tornado@2x.png in Resources */,
				3A8B92D61735CCED008D6C37 /* wind.png in Resources */,
				3A8B92D71735CCED008D6C37 /* wind@2x.png in Resources */,
				CEC0138B17384882001ECA10 /* moon.png in Resources */,
				3A6FE38E173E6D2B00F65E13 /* customCell.xib in Resources */,
			);
			runOnlyForDeploymentPostprocessing = 0;
		};
/* End PBXResourcesBuildPhase section */

/* Begin PBXSourcesBuildPhase section */
		3A8D17CB170DFCB70042C50D /* Sources */ = {
			isa = PBXSourcesBuildPhase;
			buildActionMask = 2147483647;
			files = (
				3A8D17DF170DFCB70042C50D /* main.m in Sources */,
				3A8D17E3170DFCB70042C50D /* AppDelegate.m in Sources */,
				3A8D17EF170DFCB70042C50D /* ViewController.m in Sources */,
				3AB8B7E21730F3FA008546DB /* InitialViewController.m in Sources */,
				3AB8B7E31730F6F1008546DB /* ECSlidingViewController.m in Sources */,
				3AB8B7E41730F6F6008546DB /* UIImage+ImageWithUIView.m in Sources */,
				3AB8B7E71730F9E1008546DB /* MenuViewController.m in Sources */,
				3A6FE391173E6DEF00F65E13 /* customCell.m in Sources */,
			);
			runOnlyForDeploymentPostprocessing = 0;
		};
/* End PBXSourcesBuildPhase section */

/* Begin PBXVariantGroup section */
		3A8D17DB170DFCB70042C50D /* InfoPlist.strings */ = {
			isa = PBXVariantGroup;
			children = (
				3A8D17DC170DFCB70042C50D /* en */,
			);
			name = InfoPlist.strings;
			sourceTree = "<group>";
		};
		3A8D17EA170DFCB70042C50D /* MainStoryboard.storyboard */ = {
			isa = PBXVariantGroup;
			children = (
				3A8D17EB170DFCB70042C50D /* en */,
			);
			name = MainStoryboard.storyboard;
			sourceTree = "<group>";
		};
/* End PBXVariantGroup section */

/* Begin XCBuildConfiguration section */
		3A8D17F0170DFCB70042C50D /* Debug */ = {
			isa = XCBuildConfiguration;
			buildSettings = {
				ALWAYS_SEARCH_USER_PATHS = NO;
				CLANG_CXX_LANGUAGE_STANDARD = "gnu++0x";
				CLANG_CXX_LIBRARY = "libc++";
				CLANG_ENABLE_OBJC_ARC = YES;
				CLANG_WARN_CONSTANT_CONVERSION = YES;
				CLANG_WARN_EMPTY_BODY = YES;
				CLANG_WARN_ENUM_CONVERSION = YES;
				CLANG_WARN_INT_CONVERSION = YES;
				CLANG_WARN__DUPLICATE_METHOD_MATCH = YES;
				"CODE_SIGN_IDENTITY[sdk=iphoneos*]" = "iPhone Developer";
				COPY_PHASE_STRIP = NO;
				GCC_C_LANGUAGE_STANDARD = gnu99;
				GCC_DYNAMIC_NO_PIC = NO;
				GCC_OPTIMIZATION_LEVEL = 0;
				GCC_PREPROCESSOR_DEFINITIONS = (
					"DEBUG=1",
					"$(inherited)",
				);
				GCC_SYMBOLS_PRIVATE_EXTERN = NO;
				GCC_WARN_ABOUT_RETURN_TYPE = YES;
				GCC_WARN_UNINITIALIZED_AUTOS = YES;
				GCC_WARN_UNUSED_VARIABLE = YES;
				IPHONEOS_DEPLOYMENT_TARGET = 6.1;
				ONLY_ACTIVE_ARCH = YES;
				SDKROOT = iphoneos;
			};
			name = Debug;
		};
		3A8D17F1170DFCB70042C50D /* Release */ = {
			isa = XCBuildConfiguration;
			buildSettings = {
				ALWAYS_SEARCH_USER_PATHS = NO;
				CLANG_CXX_LANGUAGE_STANDARD = "gnu++0x";
				CLANG_CXX_LIBRARY = "libc++";
				CLANG_ENABLE_OBJC_ARC = YES;
				CLANG_WARN_CONSTANT_CONVERSION = YES;
				CLANG_WARN_EMPTY_BODY = YES;
				CLANG_WARN_ENUM_CONVERSION = YES;
				CLANG_WARN_INT_CONVERSION = YES;
				CLANG_WARN__DUPLICATE_METHOD_MATCH = YES;
				"CODE_SIGN_IDENTITY[sdk=iphoneos*]" = "iPhone Developer";
				COPY_PHASE_STRIP = YES;
				GCC_C_LANGUAGE_STANDARD = gnu99;
				GCC_WARN_ABOUT_RETURN_TYPE = YES;
				GCC_WARN_UNINITIALIZED_AUTOS = YES;
				GCC_WARN_UNUSED_VARIABLE = YES;
				IPHONEOS_DEPLOYMENT_TARGET = 6.1;
				OTHER_CFLAGS = "-DNS_BLOCK_ASSERTIONS=1";
				SDKROOT = iphoneos;
				VALIDATE_PRODUCT = YES;
			};
			name = Release;
		};
		3A8D17F3170DFCB70042C50D /* Debug */ = {
			isa = XCBuildConfiguration;
			buildSettings = {
				GCC_PRECOMPILE_PREFIX_HEADER = YES;
				GCC_PREFIX_HEADER = "weather/weather-Prefix.pch";
				INFOPLIST_FILE = "weather/weather-Info.plist";
				PRODUCT_NAME = "$(TARGET_NAME)";
				WRAPPER_EXTENSION = app;
			};
			name = Debug;
		};
		3A8D17F4170DFCB70042C50D /* Release */ = {
			isa = XCBuildConfiguration;
			buildSettings = {
				GCC_PRECOMPILE_PREFIX_HEADER = YES;
				GCC_PREFIX_HEADER = "weather/weather-Prefix.pch";
				INFOPLIST_FILE = "weather/weather-Info.plist";
				PRODUCT_NAME = "$(TARGET_NAME)";
				WRAPPER_EXTENSION = app;
			};
			name = Release;
		};
/* End XCBuildConfiguration section */

/* Begin XCConfigurationList section */
		3A8D17CA170DFCB60042C50D /* Build configuration list for PBXProject "weather" */ = {
			isa = XCConfigurationList;
			buildConfigurations = (
				3A8D17F0170DFCB70042C50D /* Debug */,
				3A8D17F1170DFCB70042C50D /* Release */,
			);
			defaultConfigurationIsVisible = 0;
			defaultConfigurationName = Release;
		};
		3A8D17F2170DFCB70042C50D /* Build configuration list for PBXNativeTarget "weather" */ = {
			isa = XCConfigurationList;
			buildConfigurations = (
				3A8D17F3170DFCB70042C50D /* Debug */,
				3A8D17F4170DFCB70042C50D /* Release */,
			);
			defaultConfigurationIsVisible = 0;
			defaultConfigurationName = Release;
		};
/* End XCConfigurationList section */
	};
	rootObject = 3A8D17C7170DFCB60042C50D /* Project object */;
}
